
Microsoft Visual Studio Solution File, Format Version 12.00
# Visual Studio Version 16
VisualStudioVersion = 16.0.29001.49
MinimumVisualStudioVersion = 10.0.40219.1
Project("{9A19103F-16F7-4668-BE54-9A1E7A4F7556}") = "Models", "Models\Models.csproj", "{341F1386-E6E5-4065-8D67-85A5A71B2CE7}"
EndProject
Project("{2150E333-8FDC-42A3-9474-1A3956D46DE8}") = "Servers", "Servers", "{2B342E7A-1E2B-4602-B6ED-A6D113CA16F0}"
EndProject
Project("{2150E333-8FDC-42A3-9474-1A3956D46DE8}") = "Clients", "Clients", "{AF3FFCAE-E01F-4760-9CF5-3E56D768C45E}"
EndProject
Project("{FAE04EC0-301F-11D3-BF4B-00C04F79EFBC}") = "Server for Windows", "Servers\Server for Windows\Server for Windows.csproj", "{310CDB70-FE1F-470C-89D3-DD16F64AF7D0}"
EndProject
Project("{FAE04EC0-301F-11D3-BF4B-00C04F79EFBC}") = "Client for Windows", "Clients\Client for Windows\Client for Windows.csproj", "{CA2510DE-A3F1-4DDA-A78F-DE7D757C74C0}"
EndProject
Project("{FAE04EC0-301F-11D3-BF4B-00C04F79EFBC}") = "Client for Android", "Clients\Client for Android\Client for Android.csproj", "{406EDFA4-DE72-429A-B078-E1A40A46662D}"
EndProject
Global
	GlobalSection(SolutionConfigurationPlatforms) = preSolution
		Debug|Any CPU = Debug|Any CPU
		Release|Any CPU = Release|Any CPU
	EndGlobalSection
	GlobalSection(ProjectConfigurationPlatforms) = postSolution
		{341F1386-E6E5-4065-8D67-85A5A71B2CE7}.Debug|Any CPU.ActiveCfg = Debug|Any CPU
		{341F1386-E6E5-4065-8D67-85A5A71B2CE7}.Debug|Any CPU.Build.0 = Debug|Any CPU
		{341F1386-E6E5-4065-8D67-85A5A71B2CE7}.Release|Any CPU.ActiveCfg = Release|Any CPU
		{341F1386-E6E5-4065-8D67-85A5A71B2CE7}.Release|Any CPU.Build.0 = Release|Any CPU
		{310CDB70-FE1F-470C-89D3-DD16F64AF7D0}.Debug|Any CPU.ActiveCfg = Debug|Any CPU
		{310CDB70-FE1F-470C-89D3-DD16F64AF7D0}.Debug|Any CPU.Build.0 = Debug|Any CPU
		{310CDB70-FE1F-470C-89D3-DD16F64AF7D0}.Release|Any CPU.ActiveCfg = Release|Any CPU
		{310CDB70-FE1F-470C-89D3-DD16F64AF7D0}.Release|Any CPU.Build.0 = Release|Any CPU
		{CA2510DE-A3F1-4DDA-A78F-DE7D757C74C0}.Debug|Any CPU.ActiveCfg = Debug|Any CPU
		{CA2510DE-A3F1-4DDA-A78F-DE7D757C74C0}.Debug|Any CPU.Build.0 = Debug|Any CPU
		{CA2510DE-A3F1-4DDA-A78F-DE7D757C74C0}.Release|Any CPU.ActiveCfg = Release|Any CPU
		{CA2510DE-A3F1-4DDA-A78F-DE7D757C74C0}.Release|Any CPU.Build.0 = Release|Any CPU
		{406EDFA4-DE72-429A-B078-E1A40A46662D}.Debug|Any CPU.ActiveCfg = Debug|Any CPU
		{406EDFA4-DE72-429A-B078-E1A40A46662D}.Debug|Any CPU.Build.0 = Debug|Any CPU
		{406EDFA4-DE72-429A-B078-E1A40A46662D}.Debug|Any CPU.Deploy.0 = Debug|Any CPU
		{406EDFA4-DE72-429A-B078-E1A40A46662D}.Release|Any CPU.ActiveCfg = Release|Any CPU
		{406EDFA4-DE72-429A-B078-E1A40A46662D}.Release|Any CPU.Build.0 = Release|Any CPU
		{406EDFA4-DE72-429A-B078-E1A40A46662D}.Release|Any CPU.Deploy.0 = Release|Any CPU
	EndGlobalSection
	GlobalSection(SolutionProperties) = preSolution
		HideSolutionNode = FALSE
	EndGlobalSection
	GlobalSection(NestedProjects) = preSolution
		{310CDB70-FE1F-470C-89D3-DD16F64AF7D0} = {2B342E7A-1E2B-4602-B6ED-A6D113CA16F0}
		{CA2510DE-A3F1-4DDA-A78F-DE7D757C74C0} = {AF3FFCAE-E01F-4760-9CF5-3E56D768C45E}
		{406EDFA4-DE72-429A-B078-E1A40A46662D} = {AF3FFCAE-E01F-4760-9CF5-3E56D768C45E}
	EndGlobalSection
	GlobalSection(ExtensibilityGlobals) = postSolution
		SolutionGuid = {2C2582F4-8C4A-485C-A98D-6C58FB44E495}
	EndGlobalSection
EndGlobal
