
Microsoft Visual Studio Solution File, Format Version 12.00
# Visual Studio Version 16
VisualStudioVersion = 16.0.29001.49
MinimumVisualStudioVersion = 10.0.40219.1
Project("{9A19103F-16F7-4668-BE54-9A1E7A4F7556}") = "Models", "Models\Models.csproj", "{341F1386-E6E5-4065-8D67-85A5A71B2CE7}"
EndProject
Global
	GlobalSection(SolutionConfigurationPlatforms) = preSolution
		Debug|Any CPU = Debug|Any CPU
		Release|Any CPU = Release|Any CPU
	EndGlobalSection
	GlobalSection(ProjectConfigurationPlatforms) = postSolution
		{341F1386-E6E5-4065-8D67-85A5A71B2CE7}.Debug|Any CPU.ActiveCfg = Debug|Any CPU
		{341F1386-E6E5-4065-8D67-85A5A71B2CE7}.Debug|Any CPU.Build.0 = Debug|Any CPU
		{341F1386-E6E5-4065-8D67-85A5A71B2CE7}.Release|Any CPU.ActiveCfg = Release|Any CPU
		{341F1386-E6E5-4065-8D67-85A5A71B2CE7}.Release|Any CPU.Build.0 = Release|Any CPU
	EndGlobalSection
	GlobalSection(SolutionProperties) = preSolution
		HideSolutionNode = FALSE
	EndGlobalSection
	GlobalSection(ExtensibilityGlobals) = postSolution
		SolutionGuid = {2C2582F4-8C4A-485C-A98D-6C58FB44E495}
	EndGlobalSection
EndGlobal
